
Microsoft Visual Studio Solution File, Format Version 12.00
# Visual Studio Version 16
VisualStudioVersion = 16.0.30225.117
MinimumVisualStudioVersion = 10.0.40219.1
Project("{FAE04EC0-301F-11D3-BF4B-00C04F79EFBC}") = "WebGames", "WebGames\WebGames.csproj", "{1531A5BF-6EE3-4CC0-9677-C3051CB1EEEE}"
EndProject
Global
	GlobalSection(SolutionConfigurationPlatforms) = preSolution
		Debug|Any CPU = Debug|Any CPU
		Release|Any CPU = Release|Any CPU
	EndGlobalSection
	GlobalSection(ProjectConfigurationPlatforms) = postSolution
		{1531A5BF-6EE3-4CC0-9677-C3051CB1EEEE}.Debug|Any CPU.ActiveCfg = Debug|Any CPU
		{1531A5BF-6EE3-4CC0-9677-C3051CB1EEEE}.Debug|Any CPU.Build.0 = Debug|Any CPU
		{1531A5BF-6EE3-4CC0-9677-C3051CB1EEEE}.Release|Any CPU.ActiveCfg = Release|Any CPU
		{1531A5BF-6EE3-4CC0-9677-C3051CB1EEEE}.Release|Any CPU.Build.0 = Release|Any CPU
	EndGlobalSection
	GlobalSection(SolutionProperties) = preSolution
		HideSolutionNode = FALSE
	EndGlobalSection
	GlobalSection(ExtensibilityGlobals) = postSolution
		SolutionGuid = {A8CF6735-935A-4C94-9EE6-1A2112593529}
	EndGlobalSection
EndGlobal
